
Microsoft Visual Studio Solution File, Format Version 12.00
# Visual Studio Version 16
VisualStudioVersion = 16.0.29123.88
MinimumVisualStudioVersion = 10.0.40219.1
Project("{FAE04EC0-301F-11D3-BF4B-00C04F79EFBC}") = "Barkot.Android", "Barkot\Barkot.Android\Barkot.Android.csproj", "{2155C324-10EE-4504-90D2-AC8DBEFAEDCE}"
EndProject
Project("{FAE04EC0-301F-11D3-BF4B-00C04F79EFBC}") = "Barkot.iOS", "Barkot\Barkot.iOS\Barkot.iOS.csproj", "{7EF2BBDC-AE52-4A43-97CF-848D5EE083FF}"
EndProject
Project("{9A19103F-16F7-4668-BE54-9A1E7A4F7556}") = "Barkot", "Barkot\Barkot\Barkot.csproj", "{81C3669C-C5FB-4F6C-A64F-0B13D19F8ABD}"
EndProject
Global
	GlobalSection(SolutionConfigurationPlatforms) = preSolution
		Debug|Any CPU = Debug|Any CPU
		Debug|ARM = Debug|ARM
		Debug|iPhone = Debug|iPhone
		Debug|iPhoneSimulator = Debug|iPhoneSimulator
		Debug|x64 = Debug|x64
		Debug|x86 = Debug|x86
		Release|Any CPU = Release|Any CPU
		Release|ARM = Release|ARM
		Release|iPhone = Release|iPhone
		Release|iPhoneSimulator = Release|iPhoneSimulator
		Release|x64 = Release|x64
		Release|x86 = Release|x86
	EndGlobalSection
	GlobalSection(ProjectConfigurationPlatforms) = postSolution
		{2155C324-10EE-4504-90D2-AC8DBEFAEDCE}.Debug|Any CPU.ActiveCfg = Debug|Any CPU
		{2155C324-10EE-4504-90D2-AC8DBEFAEDCE}.Debug|Any CPU.Build.0 = Debug|Any CPU
		{2155C324-10EE-4504-90D2-AC8DBEFAEDCE}.Debug|Any CPU.Deploy.0 = Debug|Any CPU
		{2155C324-10EE-4504-90D2-AC8DBEFAEDCE}.Debug|ARM.ActiveCfg = Debug|Any CPU
		{2155C324-10EE-4504-90D2-AC8DBEFAEDCE}.Debug|ARM.Build.0 = Debug|Any CPU
		{2155C324-10EE-4504-90D2-AC8DBEFAEDCE}.Debug|ARM.Deploy.0 = Debug|Any CPU
		{2155C324-10EE-4504-90D2-AC8DBEFAEDCE}.Debug|iPhone.ActiveCfg = Debug|Any CPU
		{2155C324-10EE-4504-90D2-AC8DBEFAEDCE}.Debug|iPhone.Build.0 = Debug|Any CPU
		{2155C324-10EE-4504-90D2-AC8DBEFAEDCE}.Debug|iPhone.Deploy.0 = Debug|Any CPU
		{2155C324-10EE-4504-90D2-AC8DBEFAEDCE}.Debug|iPhoneSimulator.ActiveCfg = Debug|Any CPU
		{2155C324-10EE-4504-90D2-AC8DBEFAEDCE}.Debug|iPhoneSimulator.Build.0 = Debug|Any CPU
		{2155C324-10EE-4504-90D2-AC8DBEFAEDCE}.Debug|iPhoneSimulator.Deploy.0 = Debug|Any CPU
		{2155C324-10EE-4504-90D2-AC8DBEFAEDCE}.Debug|x64.ActiveCfg = Debug|Any CPU
		{2155C324-10EE-4504-90D2-AC8DBEFAEDCE}.Debug|x64.Build.0 = Debug|Any CPU
		{2155C324-10EE-4504-90D2-AC8DBEFAEDCE}.Debug|x64.Deploy.0 = Debug|Any CPU
		{2155C324-10EE-4504-90D2-AC8DBEFAEDCE}.Debug|x86.ActiveCfg = Debug|Any CPU
		{2155C324-10EE-4504-90D2-AC8DBEFAEDCE}.Debug|x86.Build.0 = Debug|Any CPU
		{2155C324-10EE-4504-90D2-AC8DBEFAEDCE}.Debug|x86.Deploy.0 = Debug|Any CPU
		{2155C324-10EE-4504-90D2-AC8DBEFAEDCE}.Release|Any CPU.ActiveCfg = Release|Any CPU
		{2155C324-10EE-4504-90D2-AC8DBEFAEDCE}.Release|Any CPU.Build.0 = Release|Any CPU
		{2155C324-10EE-4504-90D2-AC8DBEFAEDCE}.Release|Any CPU.Deploy.0 = Release|Any CPU
		{2155C324-10EE-4504-90D2-AC8DBEFAEDCE}.Release|ARM.ActiveCfg = Release|Any CPU
		{2155C324-10EE-4504-90D2-AC8DBEFAEDCE}.Release|ARM.Build.0 = Release|Any CPU
		{2155C324-10EE-4504-90D2-AC8DBEFAEDCE}.Release|ARM.Deploy.0 = Release|Any CPU
		{2155C324-10EE-4504-90D2-AC8DBEFAEDCE}.Release|iPhone.ActiveCfg = Release|Any CPU
		{2155C324-10EE-4504-90D2-AC8DBEFAEDCE}.Release|iPhone.Build.0 = Release|Any CPU
		{2155C324-10EE-4504-90D2-AC8DBEFAEDCE}.Release|iPhone.Deploy.0 = Release|Any CPU
		{2155C324-10EE-4504-90D2-AC8DBEFAEDCE}.Release|iPhoneSimulator.ActiveCfg = Release|Any CPU
		{2155C324-10EE-4504-90D2-AC8DBEFAEDCE}.Release|iPhoneSimulator.Build.0 = Release|Any CPU
		{2155C324-10EE-4504-90D2-AC8DBEFAEDCE}.Release|iPhoneSimulator.Deploy.0 = Release|Any CPU
		{2155C324-10EE-4504-90D2-AC8DBEFAEDCE}.Release|x64.ActiveCfg = Release|Any CPU
		{2155C324-10EE-4504-90D2-AC8DBEFAEDCE}.Release|x64.Build.0 = Release|Any CPU
		{2155C324-10EE-4504-90D2-AC8DBEFAEDCE}.Release|x64.Deploy.0 = Release|Any CPU
		{2155C324-10EE-4504-90D2-AC8DBEFAEDCE}.Release|x86.ActiveCfg = Release|Any CPU
		{2155C324-10EE-4504-90D2-AC8DBEFAEDCE}.Release|x86.Build.0 = Release|Any CPU
		{2155C324-10EE-4504-90D2-AC8DBEFAEDCE}.Release|x86.Deploy.0 = Release|Any CPU
		{7EF2BBDC-AE52-4A43-97CF-848D5EE083FF}.Debug|Any CPU.ActiveCfg = Debug|iPhone
		{7EF2BBDC-AE52-4A43-97CF-848D5EE083FF}.Debug|Any CPU.Build.0 = Debug|iPhone
		{7EF2BBDC-AE52-4A43-97CF-848D5EE083FF}.Debug|Any CPU.Deploy.0 = Debug|iPhone
		{7EF2BBDC-AE52-4A43-97CF-848D5EE083FF}.Debug|ARM.ActiveCfg = Debug|iPhoneSimulator
		{7EF2BBDC-AE52-4A43-97CF-848D5EE083FF}.Debug|ARM.Build.0 = Debug|iPhoneSimulator
		{7EF2BBDC-AE52-4A43-97CF-848D5EE083FF}.Debug|ARM.Deploy.0 = Debug|iPhoneSimulator
		{7EF2BBDC-AE52-4A43-97CF-848D5EE083FF}.Debug|iPhone.ActiveCfg = Debug|iPhone
		{7EF2BBDC-AE52-4A43-97CF-848D5EE083FF}.Debug|iPhone.Build.0 = Debug|iPhone
		{7EF2BBDC-AE52-4A43-97CF-848D5EE083FF}.Debug|iPhone.Deploy.0 = Debug|iPhone
		{7EF2BBDC-AE52-4A43-97CF-848D5EE083FF}.Debug|iPhoneSimulator.ActiveCfg = Debug|iPhoneSimulator
		{7EF2BBDC-AE52-4A43-97CF-848D5EE083FF}.Debug|iPhoneSimulator.Build.0 = Debug|iPhoneSimulator
		{7EF2BBDC-AE52-4A43-97CF-848D5EE083FF}.Debug|iPhoneSimulator.Deploy.0 = Debug|iPhoneSimulator
		{7EF2BBDC-AE52-4A43-97CF-848D5EE083FF}.Debug|x64.ActiveCfg = Debug|iPhone
		{7EF2BBDC-AE52-4A43-97CF-848D5EE083FF}.Debug|x64.Build.0 = Debug|iPhone
		{7EF2BBDC-AE52-4A43-97CF-848D5EE083FF}.Debug|x64.Deploy.0 = Debug|iPhone
		{7EF2BBDC-AE52-4A43-97CF-848D5EE083FF}.Debug|x86.ActiveCfg = Debug|iPhone
		{7EF2BBDC-AE52-4A43-97CF-848D5EE083FF}.Debug|x86.Build.0 = Debug|iPhone
		{7EF2BBDC-AE52-4A43-97CF-848D5EE083FF}.Debug|x86.Deploy.0 = Debug|iPhone
		{7EF2BBDC-AE52-4A43-97CF-848D5EE083FF}.Release|Any CPU.ActiveCfg = Release|iPhone
		{7EF2BBDC-AE52-4A43-97CF-848D5EE083FF}.Release|Any CPU.Build.0 = Release|iPhone
		{7EF2BBDC-AE52-4A43-97CF-848D5EE083FF}.Release|Any CPU.Deploy.0 = Release|iPhone
		{7EF2BBDC-AE52-4A43-97CF-848D5EE083FF}.Release|ARM.ActiveCfg = Release|iPhone
		{7EF2BBDC-AE52-4A43-97CF-848D5EE083FF}.Release|ARM.Build.0 = Release|iPhone
		{7EF2BBDC-AE52-4A43-97CF-848D5EE083FF}.Release|ARM.Deploy.0 = Release|iPhone
		{7EF2BBDC-AE52-4A43-97CF-848D5EE083FF}.Release|iPhone.ActiveCfg = Release|iPhone
		{7EF2BBDC-AE52-4A43-97CF-848D5EE083FF}.Release|iPhone.Build.0 = Release|iPhone
		{7EF2BBDC-AE52-4A43-97CF-848D5EE083FF}.Release|iPhone.Deploy.0 = Release|iPhone
		{7EF2BBDC-AE52-4A43-97CF-848D5EE083FF}.Release|iPhoneSimulator.ActiveCfg = Release|iPhoneSimulator
		{7EF2BBDC-AE52-4A43-97CF-848D5EE083FF}.Release|iPhoneSimulator.Build.0 = Release|iPhoneSimulator
		{7EF2BBDC-AE52-4A43-97CF-848D5EE083FF}.Release|iPhoneSimulator.Deploy.0 = Release|iPhoneSimulator
		{7EF2BBDC-AE52-4A43-97CF-848D5EE083FF}.Release|x64.ActiveCfg = Release|iPhone
		{7EF2BBDC-AE52-4A43-97CF-848D5EE083FF}.Release|x64.Build.0 = Release|iPhone
		{7EF2BBDC-AE52-4A43-97CF-848D5EE083FF}.Release|x64.Deploy.0 = Release|iPhone
		{7EF2BBDC-AE52-4A43-97CF-848D5EE083FF}.Release|x86.ActiveCfg = Release|iPhone
		{7EF2BBDC-AE52-4A43-97CF-848D5EE083FF}.Release|x86.Build.0 = Release|iPhone
		{7EF2BBDC-AE52-4A43-97CF-848D5EE083FF}.Release|x86.Deploy.0 = Release|iPhone
		{81C3669C-C5FB-4F6C-A64F-0B13D19F8ABD}.Debug|Any CPU.ActiveCfg = Debug|Any CPU
		{81C3669C-C5FB-4F6C-A64F-0B13D19F8ABD}.Debug|Any CPU.Build.0 = Debug|Any CPU
		{81C3669C-C5FB-4F6C-A64F-0B13D19F8ABD}.Debug|Any CPU.Deploy.0 = Debug|Any CPU
		{81C3669C-C5FB-4F6C-A64F-0B13D19F8ABD}.Debug|ARM.ActiveCfg = Debug|Any CPU
		{81C3669C-C5FB-4F6C-A64F-0B13D19F8ABD}.Debug|ARM.Build.0 = Debug|Any CPU
		{81C3669C-C5FB-4F6C-A64F-0B13D19F8ABD}.Debug|ARM.Deploy.0 = Debug|Any CPU
		{81C3669C-C5FB-4F6C-A64F-0B13D19F8ABD}.Debug|iPhone.ActiveCfg = Debug|Any CPU
		{81C3669C-C5FB-4F6C-A64F-0B13D19F8ABD}.Debug|iPhone.Build.0 = Debug|Any CPU
		{81C3669C-C5FB-4F6C-A64F-0B13D19F8ABD}.Debug|iPhone.Deploy.0 = Debug|Any CPU
		{81C3669C-C5FB-4F6C-A64F-0B13D19F8ABD}.Debug|iPhoneSimulator.ActiveCfg = Debug|Any CPU
		{81C3669C-C5FB-4F6C-A64F-0B13D19F8ABD}.Debug|iPhoneSimulator.Build.0 = Debug|Any CPU
		{81C3669C-C5FB-4F6C-A64F-0B13D19F8ABD}.Debug|iPhoneSimulator.Deploy.0 = Debug|Any CPU
		{81C3669C-C5FB-4F6C-A64F-0B13D19F8ABD}.Debug|x64.ActiveCfg = Debug|Any CPU
		{81C3669C-C5FB-4F6C-A64F-0B13D19F8ABD}.Debug|x64.Build.0 = Debug|Any CPU
		{81C3669C-C5FB-4F6C-A64F-0B13D19F8ABD}.Debug|x64.Deploy.0 = Debug|Any CPU
		{81C3669C-C5FB-4F6C-A64F-0B13D19F8ABD}.Debug|x86.ActiveCfg = Debug|Any CPU
		{81C3669C-C5FB-4F6C-A64F-0B13D19F8ABD}.Debug|x86.Build.0 = Debug|Any CPU
		{81C3669C-C5FB-4F6C-A64F-0B13D19F8ABD}.Debug|x86.Deploy.0 = Debug|Any CPU
		{81C3669C-C5FB-4F6C-A64F-0B13D19F8ABD}.Release|Any CPU.ActiveCfg = Release|Any CPU
		{81C3669C-C5FB-4F6C-A64F-0B13D19F8ABD}.Release|Any CPU.Build.0 = Release|Any CPU
		{81C3669C-C5FB-4F6C-A64F-0B13D19F8ABD}.Release|Any CPU.Deploy.0 = Release|Any CPU
		{81C3669C-C5FB-4F6C-A64F-0B13D19F8ABD}.Release|ARM.ActiveCfg = Release|Any CPU
		{81C3669C-C5FB-4F6C-A64F-0B13D19F8ABD}.Release|ARM.Build.0 = Release|Any CPU
		{81C3669C-C5FB-4F6C-A64F-0B13D19F8ABD}.Release|ARM.Deploy.0 = Release|Any CPU
		{81C3669C-C5FB-4F6C-A64F-0B13D19F8ABD}.Release|iPhone.ActiveCfg = Release|Any CPU
		{81C3669C-C5FB-4F6C-A64F-0B13D19F8ABD}.Release|iPhone.Build.0 = Release|Any CPU
		{81C3669C-C5FB-4F6C-A64F-0B13D19F8ABD}.Release|iPhone.Deploy.0 = Release|Any CPU
		{81C3669C-C5FB-4F6C-A64F-0B13D19F8ABD}.Release|iPhoneSimulator.ActiveCfg = Release|Any CPU
		{81C3669C-C5FB-4F6C-A64F-0B13D19F8ABD}.Release|iPhoneSimulator.Build.0 = Release|Any CPU
		{81C3669C-C5FB-4F6C-A64F-0B13D19F8ABD}.Release|iPhoneSimulator.Deploy.0 = Release|Any CPU
		{81C3669C-C5FB-4F6C-A64F-0B13D19F8ABD}.Release|x64.ActiveCfg = Release|Any CPU
		{81C3669C-C5FB-4F6C-A64F-0B13D19F8ABD}.Release|x64.Build.0 = Release|Any CPU
		{81C3669C-C5FB-4F6C-A64F-0B13D19F8ABD}.Release|x64.Deploy.0 = Release|Any CPU
		{81C3669C-C5FB-4F6C-A64F-0B13D19F8ABD}.Release|x86.ActiveCfg = Release|Any CPU
		{81C3669C-C5FB-4F6C-A64F-0B13D19F8ABD}.Release|x86.Build.0 = Release|Any CPU
		{81C3669C-C5FB-4F6C-A64F-0B13D19F8ABD}.Release|x86.Deploy.0 = Release|Any CPU
	EndGlobalSection
	GlobalSection(SolutionProperties) = preSolution
		HideSolutionNode = FALSE
	EndGlobalSection
	GlobalSection(ExtensibilityGlobals) = postSolution
		SolutionGuid = {EAA43749-C409-4093-9D40-F90A97717F32}
	EndGlobalSection
EndGlobal
